
Microsoft Visual Studio Solution File, Format Version 12.00
# Visual Studio 2010
Project("{2150E333-8FDC-42A3-9474-1A3956D46DE8}") = "Core", "Core", "{1F622505-C735-43CB-BFAB-EFA8428028CD}"
EndProject
Project("{FAE04EC0-301F-11D3-BF4B-00C04F79EFBC}") = "docsoft", "core\docsoft\docsoft.csproj", "{57E9EC8D-655E-4BCC-9AFF-A505FAA878CA}"
EndProject
Project("{FAE04EC0-301F-11D3-BF4B-00C04F79EFBC}") = "docsoft.entities", "core\docsoft.entities\docsoft.entities.csproj", "{081057F3-0D4E-4173-8D9F-2EA8CD9CD0C3}"
EndProject
Project("{FAE04EC0-301F-11D3-BF4B-00C04F79EFBC}") = "linh", "core\linh\linh.csproj", "{AA37610E-2E32-44A7-918B-FA11F8DB8028}"
EndProject
Project("{2150E333-8FDC-42A3-9474-1A3956D46DE8}") = "plugin", "plugin", "{B4B3707C-2037-4BCA-86B2-FFEE2B8BB79D}"
EndProject
Project("{2150E333-8FDC-42A3-9474-1A3956D46DE8}") = "danhMuc", "danhMuc", "{DBF86786-7348-4AFE-966C-3254BC9A40FD}"
EndProject
Project("{2150E333-8FDC-42A3-9474-1A3956D46DE8}") = "heThong", "heThong", "{26C73D81-50AC-4E71-85F7-C233D0AE02AD}"
EndProject
Project("{2150E333-8FDC-42A3-9474-1A3956D46DE8}") = "system", "system", "{16739D3B-0D87-43DE-BC00-5D1B7E43E9CB}"
EndProject
Project("{FAE04EC0-301F-11D3-BF4B-00C04F79EFBC}") = "docsoft.plugin.danhmuc", "plugin\danhMuc\docsoft.plugin.danhmuc\docsoft.plugin.danhmuc.csproj", "{0F7C52AE-C106-48E8-B8AF-2E3465E7C72B}"
EndProject
Project("{FAE04EC0-301F-11D3-BF4B-00C04F79EFBC}") = "docsoft.plugin.LoaiDanhmuc", "plugin\danhMuc\docsoft.plugin.LoaiDanhmuc\docsoft.plugin.LoaiDanhmuc.csproj", "{9F8E88DA-17D5-42A1-B7E5-71A511608A68}"
EndProject
Project("{FAE04EC0-301F-11D3-BF4B-00C04F79EFBC}") = "docsoft.plugin.hethong.banlamviec", "plugin\heThong\docsoft.plugin.hethong.banlamviec\docsoft.plugin.hethong.banlamviec.csproj", "{937108F7-CFC4-4D79-8E6E-277BDB29B9B4}"
EndProject
Project("{FAE04EC0-301F-11D3-BF4B-00C04F79EFBC}") = "docsoft.plugin.hethong.coquan", "plugin\heThong\docsoft.plugin.hethong.coquan\docsoft.plugin.hethong.coquan.csproj", "{7CAA3245-6650-4794-8D47-B8EB8EC4F1A4}"
EndProject
Project("{FAE04EC0-301F-11D3-BF4B-00C04F79EFBC}") = "docsoft.plugin.hethong.functions", "plugin\heThong\docsoft.plugin.hethong.functions\docsoft.plugin.hethong.functions.csproj", "{CC520B50-0E12-48BB-AD04-B99C5EFF22B5}"
EndProject
Project("{FAE04EC0-301F-11D3-BF4B-00C04F79EFBC}") = "docsoft.plugin.hethong.quanlyLog", "plugin\heThong\docsoft.plugin.hethong.quanlyLog\docsoft.plugin.hethong.quanlyLog.csproj", "{133CE280-4BD6-499C-9416-BF464E4FD772}"
EndProject
Project("{FAE04EC0-301F-11D3-BF4B-00C04F79EFBC}") = "docsoft.plugin.hethong.quanLyQuyen", "plugin\heThong\docsoft.plugin.hethong.quanLyQuyen\docsoft.plugin.hethong.quanLyQuyen.csproj", "{2833E2EF-27DF-4292-845B-807828B624FE}"
EndProject
Project("{FAE04EC0-301F-11D3-BF4B-00C04F79EFBC}") = "docsoft.plugin.hethong.thanhvien", "plugin\heThong\docsoft.plugin.hethong.thanhvien\docsoft.plugin.hethong.thanhvien.csproj", "{A2212480-3C55-4412-B919-6813EA2AF759}"
EndProject
Project("{FAE04EC0-301F-11D3-BF4B-00C04F79EFBC}") = "docsoft.hethong.preload", "plugin\system\docsoft.hethong.preload\docsoft.hethong.preload.csproj", "{50207108-A4D6-45F1-A6DD-AE2600798C67}"
EndProject
Project("{FAE04EC0-301F-11D3-BF4B-00C04F79EFBC}") = "docsoft.plugin.authentication", "plugin\system\docsoft.plugin.authentication\docsoft.plugin.authentication.csproj", "{B73DD6F1-AF34-48A5-80C4-CC9F8B8B10F3}"
EndProject
Project("{FAE04EC0-301F-11D3-BF4B-00C04F79EFBC}") = "docsoft.plugin.plugManager", "plugin\system\docsoft.plugin.plugManager\docsoft.plugin.plugManager.csproj", "{C9F3A761-A5FE-440E-9905-5599558CB95B}"
EndProject
Project("{E24C65DC-7377-472B-9ABA-BC803B73C61A}") = "web", "web", "{CC439979-ED0D-449A-AD83-619426F88FC9}"
	ProjectSection(WebsiteProperties) = preProject
		SccProjectName = "SAK"
		SccAuxPath = "SAK"
		SccLocalPath = "SAK"
		SccProvider = "SAK"
		TargetFrameworkMoniker = ".NETFramework,Version%3Dv4.0"
		ProjectReferences = "{57E9EC8D-655E-4BCC-9AFF-A505FAA878CA}|docsoft.dll;{081057F3-0D4E-4173-8D9F-2EA8CD9CD0C3}|docsoft.entities.dll;{AA37610E-2E32-44A7-918B-FA11F8DB8028}|linh.dll;{50207108-A4D6-45F1-A6DD-AE2600798C67}|docsoft.hethong.preload.dll;{B73DD6F1-AF34-48A5-80C4-CC9F8B8B10F3}|docsoft.plugin.authentication.dll;{0F7C52AE-C106-48E8-B8AF-2E3465E7C72B}|docsoft.plugin.danhmuc.dll;{937108F7-CFC4-4D79-8E6E-277BDB29B9B4}|docsoft.plugin.hethong.banlamviec.dll;{7CAA3245-6650-4794-8D47-B8EB8EC4F1A4}|docsoft.plugin.hethong.coquan.dll;{CC520B50-0E12-48BB-AD04-B99C5EFF22B5}|docsoft.plugin.hethong.functions.dll;{133CE280-4BD6-499C-9416-BF464E4FD772}|docsoft.plugin.hethong.quanlyLog.dll;{2833E2EF-27DF-4292-845B-807828B624FE}|docsoft.plugin.hethong.quanLyQuyen.dll;{A2212480-3C55-4412-B919-6813EA2AF759}|docsoft.plugin.hethong.thanhvien.dll;{9F8E88DA-17D5-42A1-B7E5-71A511608A68}|docsoft.plugin.loaidanhmuc.dll;{C9F3A761-A5FE-440E-9905-5599558CB95B}|docsoft.plugin.plugManager.dll;{343B9F31-8E76-4D6D-9422-E1100AC5B10A}|cnn.plugin.QuanLyLienHe.dll;{5B2E54B7-A83C-4100-8285-A0630E7CED19}|linh.httpModule.dll;{0B57A087-6372-4E87-ADCA-835560208CFB}|docsoft.hethong.DangNhap.dll;{19C0BC4C-034F-42EB-893C-C9FB28A22B01}|docsoft.plugin.UserInfo.dll;{0AE61564-649B-4CB7-B26C-FAD84D54C1A7}|docsoft.plugin.hethong.pagesMgr.dll;{F93ADACE-7A00-470F-A070-AA2451BCD544}|docsoft.plugin.hethong.zoneMgr.dll;{FE74BE1D-AA29-449F-BCEA-65D4744E95AA}|appStore.authorityStore.content.html.dll;{9F846690-CAE7-4B30-A9AF-821DB2FAF236}|appStore.authorityStore.userMgr.dll;{421FA6FA-8004-49A3-8914-05F6EA4B6A94}|docbao.dll;{E6DDDA8C-EF48-4528-B718-E346C85C5E30}|docsoft.plugin.hethong.language.dll;{3C2EAAD6-2BE0-4E83-8FD3-400E2D913549}|pmSpa.entities.dll;{3057C995-378B-4306-BEBB-8473B13F4E47}|appStore.commonStore.hangHoaMgr.dll;{A77B6BD5-AE68-45E1-812C-EFCC322B22F9}|appStore.commonStore.commonControls.dll;{127B56E1-FCA2-4385-A330-60AD922002D4}|projectMgr.plugin.backend.tinTuc.dll;{3E59645A-3BF1-4ADA-9AB1-6A6CB8A6B80A}|appStore.commonStore.tinControls.dll;{D73D202B-45CC-4C22-A0D6-822E282F3D99}|appStore.commonStore.hangHoaControls.dll;{9B41430F-280A-40AC-A920-BBA956C80BDA}|mamvui.plugin.datHang.dll;{917B4B8F-C75C-4CD0-B83C-5A1AF44E55E1}|appStore.commonStore.xuatNhapMgr.dll;{1738b054-824f-4495-b039-866c5f4e88fe}|appStore.commonStore.thuChiMgr.dll;{03576a7b-35f0-4c30-b4d1-a9133e4d2af5}|docsoft.plugin.desktop.dll;{92D6406C-F289-4A7A-BE0B-E143F294D279}|seo.entities.dll;{B07633DE-7DFE-4491-8601-BB9E5299FCA2}|seo.plugin.thanhToanMgr.dll;"
		Debug.AspNetCompiler.VirtualPath = "/web"
		Debug.AspNetCompiler.PhysicalPath = "web\"
		Debug.AspNetCompiler.TargetPath = "PrecompiledWeb\web\"
		Debug.AspNetCompiler.Updateable = "false"
		Debug.AspNetCompiler.ForceOverwrite = "true"
		Debug.AspNetCompiler.FixedNames = "false"
		Debug.AspNetCompiler.Debug = "True"
		Release.AspNetCompiler.VirtualPath = "/web"
		Release.AspNetCompiler.PhysicalPath = "web\"
		Release.AspNetCompiler.TargetPath = "PrecompiledWeb\web\"
		Release.AspNetCompiler.Updateable = "false"
		Release.AspNetCompiler.ForceOverwrite = "true"
		Release.AspNetCompiler.FixedNames = "false"
		Release.AspNetCompiler.Debug = "False"
		VWDPort = "55418"
		VWDDynamicPort = "true"
		VWDVirtualPath = "/"
	EndProjectSection
EndProject
Project("{FAE04EC0-301F-11D3-BF4B-00C04F79EFBC}") = "cnn.plugin.QuanLyLienHe", "plugin\heThong\cnn.plugin.QuanLyLienHe\cnn.plugin.QuanLyLienHe.csproj", "{343B9F31-8E76-4D6D-9422-E1100AC5B10A}"
EndProject
Project("{FAE04EC0-301F-11D3-BF4B-00C04F79EFBC}") = "linh.httpModule", "core\linh.httpModule\linh.httpModule.csproj", "{5B2E54B7-A83C-4100-8285-A0630E7CED19}"
EndProject
Project("{FAE04EC0-301F-11D3-BF4B-00C04F79EFBC}") = "docsoft.hethong.DangNhap", "plugin\system\docsoft.hethong.DangNhap\docsoft.hethong.DangNhap.csproj", "{0B57A087-6372-4E87-ADCA-835560208CFB}"
EndProject
Project("{FAE04EC0-301F-11D3-BF4B-00C04F79EFBC}") = "docsoft.plugin.UserInfo", "plugin\system\docsoft.plugin.UserInfo\docsoft.plugin.UserInfo.csproj", "{19C0BC4C-034F-42EB-893C-C9FB28A22B01}"
EndProject
Project("{FAE04EC0-301F-11D3-BF4B-00C04F79EFBC}") = "docsoft.plugin.hethong.pagesMgr", "plugin\heThong\docsoft.plugin.hethong.pagesMgr\docsoft.plugin.hethong.pagesMgr.csproj", "{0AE61564-649B-4CB7-B26C-FAD84D54C1A7}"
EndProject
Project("{FAE04EC0-301F-11D3-BF4B-00C04F79EFBC}") = "docsoft.plugin.hethong.zoneMgr", "plugin\heThong\docsoft.plugin.hethong.zoneMgr\docsoft.plugin.hethong.zoneMgr.csproj", "{F93ADACE-7A00-470F-A070-AA2451BCD544}"
EndProject
Project("{2150E333-8FDC-42A3-9474-1A3956D46DE8}") = "appStore", "appStore", "{A689AF47-FF3B-4A21-9912-BBD7B2278D6E}"
EndProject
Project("{FAE04EC0-301F-11D3-BF4B-00C04F79EFBC}") = "appStore.authorityStore.content.html", "plugin\appStore\appStore.authorityStore.content.html\appStore.authorityStore.content.html.csproj", "{FE74BE1D-AA29-449F-BCEA-65D4744E95AA}"
EndProject
Project("{FAE04EC0-301F-11D3-BF4B-00C04F79EFBC}") = "appStore.authorityStore.userMgr", "plugin\appStore\appStore.authorityStore.userMgr\appStore.authorityStore.userMgr.csproj", "{9F846690-CAE7-4B30-A9AF-821DB2FAF236}"
EndProject
Project("{FAE04EC0-301F-11D3-BF4B-00C04F79EFBC}") = "docbao", "core\docbao\docbao.csproj", "{421FA6FA-8004-49A3-8914-05F6EA4B6A94}"
EndProject
Project("{2150E333-8FDC-42A3-9474-1A3956D46DE8}") = "rssAppStore", "rssAppStore", "{B3911570-C35C-4F2F-926B-0B66AC88F89D}"
EndProject
Project("{FAE04EC0-301F-11D3-BF4B-00C04F79EFBC}") = "docsoft.plugin.hethong.language", "plugin\heThong\docsoft.plugin.hethong.language\docsoft.plugin.hethong.language.csproj", "{E6DDDA8C-EF48-4528-B718-E346C85C5E30}"
EndProject
Project("{FAE04EC0-301F-11D3-BF4B-00C04F79EFBC}") = "pmSpa.entities", "core\pmSpa.entities\pmSpa.entities.csproj", "{3C2EAAD6-2BE0-4E83-8FD3-400E2D913549}"
EndProject
Project("{2150E333-8FDC-42A3-9474-1A3956D46DE8}") = "commonStore", "commonStore", "{10C92836-90A5-4881-B81D-7D26606B604D}"
EndProject
Project("{FAE04EC0-301F-11D3-BF4B-00C04F79EFBC}") = "appStore.commonStore.hangHoaMgr", "plugin\appStore\commonStore\appStore.commonStore.hangHoaMgr\appStore.commonStore.hangHoaMgr.csproj", "{3057C995-378B-4306-BEBB-8473B13F4E47}"
EndProject
Project("{FAE04EC0-301F-11D3-BF4B-00C04F79EFBC}") = "appStore.commonStore.commonControls", "plugin\appStore\commonStore\appStore.commonStore.commonControls\appStore.commonStore.commonControls.csproj", "{A77B6BD5-AE68-45E1-812C-EFCC322B22F9}"
EndProject
Project("{FAE04EC0-301F-11D3-BF4B-00C04F79EFBC}") = "projectMgr.plugin.backend.tinTuc", "plugin\appStore\commonStore\projectMgr.plugin.backend.tinTuc\projectMgr.plugin.backend.tinTuc.csproj", "{127B56E1-FCA2-4385-A330-60AD922002D4}"
EndProject
Project("{FAE04EC0-301F-11D3-BF4B-00C04F79EFBC}") = "appStore.commonStore.tinControls", "plugin\appStore\commonStore\appStore.commonStore.tinControls\appStore.commonStore.tinControls.csproj", "{3E59645A-3BF1-4ADA-9AB1-6A6CB8A6B80A}"
EndProject
Project("{FAE04EC0-301F-11D3-BF4B-00C04F79EFBC}") = "appStore.commonStore.hangHoaControls", "plugin\appStore\commonStore\appStore.commonStore.hangHoaControls\appStore.commonStore.hangHoaControls.csproj", "{D73D202B-45CC-4C22-A0D6-822E282F3D99}"
EndProject
Project("{FAE04EC0-301F-11D3-BF4B-00C04F79EFBC}") = "mamvui.plugin.datHang", "plugin\appStore\commonStore\mamvui.plugin.datHang\mamvui.plugin.datHang.csproj", "{9B41430F-280A-40AC-A920-BBA956C80BDA}"
EndProject
Project("{FAE04EC0-301F-11D3-BF4B-00C04F79EFBC}") = "appStore.commonStore.xuatNhapMgr", "plugin\appStore\commonStore\appStore.commonStore.xuatNhapMgr\appStore.commonStore.xuatNhapMgr.csproj", "{917B4B8F-C75C-4CD0-B83C-5A1AF44E55E1}"
EndProject
Project("{FAE04EC0-301F-11D3-BF4B-00C04F79EFBC}") = "appStore.commonStore.thuChiMgr", "plugin\appStore\commonStore\appStore.commonStore.thuChiMgr\appStore.commonStore.thuChiMgr.csproj", "{1738B054-824F-4495-B039-866C5F4E88FE}"
EndProject
Project("{FAE04EC0-301F-11D3-BF4B-00C04F79EFBC}") = "docsoft.plugin.desktop", "plugin\heThong\docsoft.plugin.desktop\docsoft.plugin.desktop.csproj", "{03576A7B-35F0-4C30-B4D1-A9133E4D2AF5}"
EndProject
Project("{FAE04EC0-301F-11D3-BF4B-00C04F79EFBC}") = "seo.entities", "core\seo.entities\seo.entities.csproj", "{92D6406C-F289-4A7A-BE0B-E143F294D279}"
EndProject
Project("{2150E333-8FDC-42A3-9474-1A3956D46DE8}") = "seo", "seo", "{DFC410CA-F793-4B53-A86F-783E34E6DAE7}"
EndProject
Project("{FAE04EC0-301F-11D3-BF4B-00C04F79EFBC}") = "seo.plugin.thanhToanMgr", "plugin\appStore\seo\seo.plugin.thanhToanMgr\seo.plugin.thanhToanMgr.csproj", "{B07633DE-7DFE-4491-8601-BB9E5299FCA2}"
EndProject
Global
	GlobalSection(TeamFoundationVersionControl) = preSolution
		SccNumberOfProjects = 56
		SccEnterpriseProvider = {4CA58AB2-18FA-4F8D-95D4-32DDF27D184C}
		SccTeamFoundationServer = http://123.30.7.137:8080/tfs/naturalsalon
		SccLocalPath0 = .
		SccProjectUniqueName1 = core\\docbao\\docbao.csproj
		SccProjectTopLevelParentUniqueName1 = naturalSalon.sln
		SccProjectName1 = core/docbao
		SccLocalPath1 = core\\docbao
		SccProjectUniqueName2 = core\\docsoft.entities\\docsoft.entities.csproj
		SccProjectTopLevelParentUniqueName2 = naturalSalon.sln
		SccProjectName2 = core/docsoft.entities
		SccLocalPath2 = core\\docsoft.entities
		SccProjectUniqueName3 = core\\docsoft\\docsoft.csproj
		SccProjectTopLevelParentUniqueName3 = naturalSalon.sln
		SccProjectName3 = core/docsoft
		SccLocalPath3 = core\\docsoft
		SccProjectUniqueName4 = core\\linh.httpModule\\linh.httpModule.csproj
		SccProjectTopLevelParentUniqueName4 = naturalSalon.sln
		SccProjectName4 = core/linh.httpModule
		SccLocalPath4 = core\\linh.httpModule
		SccProjectUniqueName5 = core\\linh\\linh.csproj
		SccProjectTopLevelParentUniqueName5 = naturalSalon.sln
		SccProjectName5 = core/linh
		SccLocalPath5 = core\\linh
		SccProjectUniqueName6 = core\\pmSpa.entities\\pmSpa.entities.csproj
		SccProjectTopLevelParentUniqueName6 = naturalSalon.sln
		SccProjectName6 = core/pmSpa.entities
		SccLocalPath6 = core\\pmSpa.entities
		SccProjectUniqueName7 = plugin\\appStore\\appStore.authorityStore.content.html\\appStore.authorityStore.content.html.csproj
		SccProjectTopLevelParentUniqueName7 = naturalSalon.sln
		SccProjectName7 = plugin/appStore/appStore.authorityStore.content.html
		SccLocalPath7 = plugin\\appStore\\appStore.authorityStore.content.html
		SccProjectUniqueName8 = plugin\\appStore\\appStore.authorityStore.userMgr\\appStore.authorityStore.userMgr.csproj
		SccProjectTopLevelParentUniqueName8 = naturalSalon.sln
		SccProjectName8 = plugin/appStore/appStore.authorityStore.userMgr
		SccLocalPath8 = plugin\\appStore\\appStore.authorityStore.userMgr
		SccProjectUniqueName9 = plugin\\appStore\\cnn.plugin.quangCao\\cnn.plugin.quangCao.csproj
		SccProjectTopLevelParentUniqueName9 = naturalSalon.sln
		SccProjectName9 = plugin/appStore/cnn.plugin.quangCao
		SccLocalPath9 = plugin\\appStore\\cnn.plugin.quangCao
		SccProjectUniqueName10 = plugin\\appStore\\commonStore\\appStore.commonStore.commonControls\\appStore.commonStore.commonControls.csproj
		SccProjectTopLevelParentUniqueName10 = naturalSalon.sln
		SccProjectName10 = plugin/appStore/commonStore/appStore.commonStore.commonControls
		SccLocalPath10 = plugin\\appStore\\commonStore\\appStore.commonStore.commonControls
		SccProjectUniqueName11 = plugin\\appStore\\commonStore\\appStore.commonStore.hangHoaControls\\appStore.commonStore.hangHoaControls.csproj
		SccProjectTopLevelParentUniqueName11 = naturalSalon.sln
		SccProjectName11 = plugin/appStore/commonStore/appStore.commonStore.hangHoaControls
		SccLocalPath11 = plugin\\appStore\\commonStore\\appStore.commonStore.hangHoaControls
		SccProjectUniqueName12 = plugin\\appStore\\commonStore\\appStore.commonStore.hangHoaMgr\\appStore.commonStore.hangHoaMgr.csproj
		SccProjectTopLevelParentUniqueName12 = naturalSalon.sln
		SccProjectName12 = plugin/appStore/commonStore/appStore.commonStore.hangHoaMgr
		SccLocalPath12 = plugin\\appStore\\commonStore\\appStore.commonStore.hangHoaMgr
		SccProjectUniqueName13 = plugin\\appStore\\commonStore\\appStore.commonStore.tinControls\\appStore.commonStore.tinControls.csproj
		SccProjectTopLevelParentUniqueName13 = naturalSalon.sln
		SccProjectName13 = plugin/appStore/commonStore/appStore.commonStore.tinControls
		SccLocalPath13 = plugin\\appStore\\commonStore\\appStore.commonStore.tinControls
		SccProjectUniqueName14 = plugin\\appStore\\commonStore\\appStore.commonStore.xuatNhapMgr\\appStore.commonStore.xuatNhapMgr.csproj
		SccProjectTopLevelParentUniqueName14 = naturalSalon.sln
		SccProjectName14 = plugin/appStore/commonStore/appStore.commonStore.xuatNhapMgr
		SccLocalPath14 = plugin\\appStore\\commonStore\\appStore.commonStore.xuatNhapMgr
		SccProjectUniqueName15 = plugin\\appStore\\commonStore\\mamvui.plugin.datHang\\mamvui.plugin.datHang.csproj
		SccProjectTopLevelParentUniqueName15 = naturalSalon.sln
		SccProjectName15 = plugin/appStore/commonStore/mamvui.plugin.datHang
		SccLocalPath15 = plugin\\appStore\\commonStore\\mamvui.plugin.datHang
		SccProjectUniqueName16 = plugin\\appStore\\commonStore\\projectMgr.plugin.backend.tinTuc\\projectMgr.plugin.backend.tinTuc.csproj
		SccProjectTopLevelParentUniqueName16 = naturalSalon.sln
		SccProjectName16 = plugin/appStore/commonStore/projectMgr.plugin.backend.tinTuc
		SccLocalPath16 = plugin\\appStore\\commonStore\\projectMgr.plugin.backend.tinTuc
		SccProjectUniqueName17 = plugin\\appStore\\pmSpa\\appStore.pmSpa.danhMucDichVuMgr\\appStore.pmSpa.danhMucDichVuMgr.csproj
		SccProjectTopLevelParentUniqueName17 = naturalSalon.sln
		SccProjectName17 = plugin/appStore/pmSpa/appStore.pmSpa.danhMucDichVuMgr
		SccLocalPath17 = plugin\\appStore\\pmSpa\\appStore.pmSpa.danhMucDichVuMgr
		SccProjectUniqueName18 = plugin\\appStore\\pmSpa\\appStore.pmSpa.hangHoaMgr\\appStore.pmSpa.hangHoaMgr.csproj
		SccProjectTopLevelParentUniqueName18 = naturalSalon.sln
		SccProjectName18 = plugin/appStore/pmSpa/appStore.pmSpa.hangHoaMgr
		SccLocalPath18 = plugin\\appStore\\pmSpa\\appStore.pmSpa.hangHoaMgr
		SccProjectUniqueName19 = plugin\\appStore\\pmSpa\\appStore.pmSpa.ketQuaMgr\\appStore.pmSpa.ketQuaMgr.csproj
		SccProjectTopLevelParentUniqueName19 = naturalSalon.sln
		SccProjectName19 = plugin/appStore/pmSpa/appStore.pmSpa.ketQuaMgr
		SccLocalPath19 = plugin\\appStore\\pmSpa\\appStore.pmSpa.ketQuaMgr
		SccProjectUniqueName20 = plugin\\appStore\\pmSpa\\appStore.pmSpa.khachHangMgr\\appStore.pmSpa.khachHangMgr.csproj
		SccProjectTopLevelParentUniqueName20 = naturalSalon.sln
		SccProjectName20 = plugin/appStore/pmSpa/appStore.pmSpa.khachHangMgr
		SccLocalPath20 = plugin\\appStore\\pmSpa\\appStore.pmSpa.khachHangMgr
		SccProjectUniqueName21 = plugin\\appStore\\pmSpa\\appStore.pmSpa.khoMgr\\appStore.pmSpa.khoMgr.csproj
		SccProjectTopLevelParentUniqueName21 = naturalSalon.sln
		SccProjectName21 = plugin/appStore/pmSpa/appStore.pmSpa.khoMgr
		SccLocalPath21 = plugin\\appStore\\pmSpa\\appStore.pmSpa.khoMgr
		SccProjectUniqueName22 = plugin\\appStore\\pmSpa\\appStore.pmSpa.khuyenMaiMgr\\appStore.pmSpa.khuyenMaiMgr.csproj
		SccProjectTopLevelParentUniqueName22 = naturalSalon.sln
		SccProjectName22 = plugin/appStore/pmSpa/appStore.pmSpa.khuyenMaiMgr
		SccLocalPath22 = plugin\\appStore\\pmSpa\\appStore.pmSpa.khuyenMaiMgr
		SccProjectUniqueName23 = plugin\\appStore\\pmSpa\\appStore.pmSpa.tinhTrangDichVuMgr\\appStore.pmSpa.tinhTrangDichVuMgr.csproj
		SccProjectTopLevelParentUniqueName23 = naturalSalon.sln
		SccProjectName23 = plugin/appStore/pmSpa/appStore.pmSpa.tinhTrangDichVuMgr
		SccLocalPath23 = plugin\\appStore\\pmSpa\\appStore.pmSpa.tinhTrangDichVuMgr
		SccProjectUniqueName24 = plugin\\appStore\\pmSpa\\appStore.pmSpa.tuVanMgr\\appStore.pmSpa.tuVanMgr.csproj
		SccProjectTopLevelParentUniqueName24 = naturalSalon.sln
		SccProjectName24 = plugin/appStore/pmSpa/appStore.pmSpa.tuVanMgr
		SccLocalPath24 = plugin\\appStore\\pmSpa\\appStore.pmSpa.tuVanMgr
		SccProjectUniqueName25 = plugin\\appStore\\pmSpa\\desktop\\appStore.pmSpa.desktop.controls\\appStore.pmSpa.desktop.controls.csproj
		SccProjectTopLevelParentUniqueName25 = naturalSalon.sln
		SccProjectName25 = plugin/appStore/pmSpa/desktop/appStore.pmSpa.desktop.controls
		SccLocalPath25 = plugin\\appStore\\pmSpa\\desktop\\appStore.pmSpa.desktop.controls
		SccProjectUniqueName26 = plugin\\appStore\\rssAppStore\\appStore.rssAppStore.advApp\\appStore.rssAppStore.advApp.csproj
		SccProjectTopLevelParentUniqueName26 = naturalSalon.sln
		SccProjectName26 = plugin/appStore/rssAppStore/appStore.rssAppStore.advApp
		SccLocalPath26 = plugin\\appStore\\rssAppStore\\appStore.rssAppStore.advApp
		SccProjectUniqueName27 = plugin\\appStore\\rssAppStore\\appStore.rssAppStore.commonApp\\appStore.rssAppStore.commonApp.csproj
		SccProjectTopLevelParentUniqueName27 = naturalSalon.sln
		SccProjectName27 = plugin/appStore/rssAppStore/appStore.rssAppStore.commonApp
		SccLocalPath27 = plugin\\appStore\\rssAppStore\\appStore.rssAppStore.commonApp
		SccProjectUniqueName28 = plugin\\appStore\\rssAppStore\\appStore.rssAppStore.tinApp\\appStore.rssAppStore.tinApp.csproj
		SccProjectTopLevelParentUniqueName28 = naturalSalon.sln
		SccProjectName28 = plugin/appStore/rssAppStore/appStore.rssAppStore.tinApp
		SccLocalPath28 = plugin\\appStore\\rssAppStore\\appStore.rssAppStore.tinApp
		SccProjectUniqueName29 = plugin\\danhMuc\\docsoft.plugin.danhmuc\\docsoft.plugin.danhmuc.csproj
		SccProjectTopLevelParentUniqueName29 = naturalSalon.sln
		SccProjectName29 = plugin/danhMuc/docsoft.plugin.danhmuc
		SccLocalPath29 = plugin\\danhMuc\\docsoft.plugin.danhmuc
		SccProjectUniqueName30 = plugin\\danhMuc\\docsoft.plugin.LoaiDanhmuc\\docsoft.plugin.LoaiDanhmuc.csproj
		SccProjectTopLevelParentUniqueName30 = naturalSalon.sln
		SccProjectName30 = plugin/danhMuc/docsoft.plugin.LoaiDanhmuc
		SccLocalPath30 = plugin\\danhMuc\\docsoft.plugin.LoaiDanhmuc
		SccProjectUniqueName31 = plugin\\heThong\\cnn.plugin.QuanLyLienHe\\cnn.plugin.QuanLyLienHe.csproj
		SccProjectTopLevelParentUniqueName31 = naturalSalon.sln
		SccProjectName31 = plugin/heThong/cnn.plugin.QuanLyLienHe
		SccLocalPath31 = plugin\\heThong\\cnn.plugin.QuanLyLienHe
		SccProjectUniqueName32 = plugin\\heThong\\docsoft.plugin.hethong.banlamviec\\docsoft.plugin.hethong.banlamviec.csproj
		SccProjectTopLevelParentUniqueName32 = naturalSalon.sln
		SccProjectName32 = plugin/heThong/docsoft.plugin.hethong.banlamviec
		SccLocalPath32 = plugin\\heThong\\docsoft.plugin.hethong.banlamviec
		SccProjectUniqueName33 = plugin\\heThong\\docsoft.plugin.hethong.coquan\\docsoft.plugin.hethong.coquan.csproj
		SccProjectTopLevelParentUniqueName33 = naturalSalon.sln
		SccProjectName33 = plugin/heThong/docsoft.plugin.hethong.coquan
		SccLocalPath33 = plugin\\heThong\\docsoft.plugin.hethong.coquan
		SccProjectUniqueName34 = plugin\\heThong\\docsoft.plugin.hethong.functions\\docsoft.plugin.hethong.functions.csproj
		SccProjectTopLevelParentUniqueName34 = naturalSalon.sln
		SccProjectName34 = plugin/heThong/docsoft.plugin.hethong.functions
		SccLocalPath34 = plugin\\heThong\\docsoft.plugin.hethong.functions
		SccProjectUniqueName35 = plugin\\heThong\\docsoft.plugin.hethong.language\\docsoft.plugin.hethong.language.csproj
		SccProjectTopLevelParentUniqueName35 = naturalSalon.sln
		SccProjectName35 = plugin/heThong/docsoft.plugin.hethong.language
		SccLocalPath35 = plugin\\heThong\\docsoft.plugin.hethong.language
		SccProjectUniqueName36 = plugin\\heThong\\docsoft.plugin.hethong.pagesMgr\\docsoft.plugin.hethong.pagesMgr.csproj
		SccProjectTopLevelParentUniqueName36 = naturalSalon.sln
		SccProjectName36 = plugin/heThong/docsoft.plugin.hethong.pagesMgr
		SccLocalPath36 = plugin\\heThong\\docsoft.plugin.hethong.pagesMgr
		SccProjectUniqueName37 = plugin\\heThong\\docsoft.plugin.hethong.quanlyLog\\docsoft.plugin.hethong.quanlyLog.csproj
		SccProjectTopLevelParentUniqueName37 = naturalSalon.sln
		SccProjectName37 = plugin/heThong/docsoft.plugin.hethong.quanlyLog
		SccLocalPath37 = plugin\\heThong\\docsoft.plugin.hethong.quanlyLog
		SccProjectUniqueName38 = plugin\\heThong\\docsoft.plugin.hethong.quanLyQuyen\\docsoft.plugin.hethong.quanLyQuyen.csproj
		SccProjectTopLevelParentUniqueName38 = naturalSalon.sln
		SccProjectName38 = plugin/heThong/docsoft.plugin.hethong.quanLyQuyen
		SccLocalPath38 = plugin\\heThong\\docsoft.plugin.hethong.quanLyQuyen
		SccProjectUniqueName39 = plugin\\heThong\\docsoft.plugin.hethong.thanhvien\\docsoft.plugin.hethong.thanhvien.csproj
		SccProjectTopLevelParentUniqueName39 = naturalSalon.sln
		SccProjectName39 = plugin/heThong/docsoft.plugin.hethong.thanhvien
		SccLocalPath39 = plugin\\heThong\\docsoft.plugin.hethong.thanhvien
		SccProjectUniqueName40 = plugin\\heThong\\docsoft.plugin.hethong.zoneMgr\\docsoft.plugin.hethong.zoneMgr.csproj
		SccProjectTopLevelParentUniqueName40 = naturalSalon.sln
		SccProjectName40 = plugin/heThong/docsoft.plugin.hethong.zoneMgr
		SccLocalPath40 = plugin\\heThong\\docsoft.plugin.hethong.zoneMgr
		SccProjectUniqueName41 = plugin\\rss\\plugin.rss.bao\\plugin.rss.bao.csproj
		SccProjectTopLevelParentUniqueName41 = naturalSalon.sln
		SccProjectName41 = plugin/rss/plugin.rss.bao
		SccLocalPath41 = plugin\\rss\\plugin.rss.bao
		SccProjectUniqueName42 = plugin\\rss\\plugin.rss.kenhRss\\plugin.rss.kenhRss.csproj
		SccProjectTopLevelParentUniqueName42 = naturalSalon.sln
		SccProjectName42 = plugin/rss/plugin.rss.kenhRss
		SccLocalPath42 = plugin\\rss\\plugin.rss.kenhRss
		SccProjectUniqueName43 = plugin\\rss\\plugin.rss.nhom\\plugin.rss.nhom.csproj
		SccProjectTopLevelParentUniqueName43 = naturalSalon.sln
		SccProjectName43 = plugin/rss/plugin.rss.nhom
		SccLocalPath43 = plugin\\rss\\plugin.rss.nhom
		SccProjectUniqueName44 = plugin\\rss\\plugin.rss.phanLoai\\plugin.rss.phanLoai.csproj
		SccProjectTopLevelParentUniqueName44 = naturalSalon.sln
		SccProjectName44 = plugin/rss/plugin.rss.phanLoai
		SccLocalPath44 = plugin\\rss\\plugin.rss.phanLoai
		SccProjectUniqueName45 = plugin\\rss\\plugin.rss.quyTac\\plugin.rss.quyTac.csproj
		SccProjectTopLevelParentUniqueName45 = naturalSalon.sln
		SccProjectName45 = plugin/rss/plugin.rss.quyTac
		SccLocalPath45 = plugin\\rss\\plugin.rss.quyTac
		SccProjectUniqueName46 = plugin\\rss\\plugin.rss.tin\\plugin.rss.tin.csproj
		SccProjectTopLevelParentUniqueName46 = naturalSalon.sln
		SccProjectName46 = plugin/rss/plugin.rss.tin
		SccLocalPath46 = plugin\\rss\\plugin.rss.tin
		SccProjectUniqueName47 = plugin\\rss\\plugin.rss.topic\\plugin.rss.topic.csproj
		SccProjectTopLevelParentUniqueName47 = naturalSalon.sln
		SccProjectName47 = plugin/rss/plugin.rss.topic
		SccLocalPath47 = plugin\\rss\\plugin.rss.topic
		SccProjectUniqueName48 = plugin\\rss\\plugin.rss.youTube\\plugin.rss.youTube.csproj
		SccProjectTopLevelParentUniqueName48 = naturalSalon.sln
		SccProjectName48 = plugin/rss/plugin.rss.youTube
		SccLocalPath48 = plugin\\rss\\plugin.rss.youTube
		SccProjectUniqueName49 = plugin\\rss\\rss.wsv\\rss.wsv.csproj
		SccProjectTopLevelParentUniqueName49 = naturalSalon.sln
		SccProjectName49 = plugin/rss/rss.wsv
		SccLocalPath49 = plugin\\rss\\rss.wsv
		SccProjectUniqueName50 = plugin\\system\\docsoft.hethong.DangNhap\\docsoft.hethong.DangNhap.csproj
		SccProjectTopLevelParentUniqueName50 = naturalSalon.sln
		SccProjectName50 = plugin/system/docsoft.hethong.DangNhap
		SccLocalPath50 = plugin\\system\\docsoft.hethong.DangNhap
		SccProjectUniqueName51 = plugin\\system\\docsoft.hethong.preload\\docsoft.hethong.preload.csproj
		SccProjectTopLevelParentUniqueName51 = naturalSalon.sln
		SccProjectName51 = plugin/system/docsoft.hethong.preload
		SccLocalPath51 = plugin\\system\\docsoft.hethong.preload
		SccProjectUniqueName52 = plugin\\system\\docsoft.plugin.authentication\\docsoft.plugin.authentication.csproj
		SccProjectTopLevelParentUniqueName52 = naturalSalon.sln
		SccProjectName52 = plugin/system/docsoft.plugin.authentication
		SccLocalPath52 = plugin\\system\\docsoft.plugin.authentication
		SccProjectUniqueName53 = plugin\\system\\docsoft.plugin.plugManager\\docsoft.plugin.plugManager.csproj
		SccProjectTopLevelParentUniqueName53 = naturalSalon.sln
		SccProjectName53 = plugin/system/docsoft.plugin.plugManager
		SccLocalPath53 = plugin\\system\\docsoft.plugin.plugManager
		SccProjectUniqueName54 = plugin\\system\\docsoft.plugin.UserInfo\\docsoft.plugin.UserInfo.csproj
		SccProjectTopLevelParentUniqueName54 = naturalSalon.sln
		SccProjectName54 = plugin/system/docsoft.plugin.UserInfo
		SccLocalPath54 = plugin\\system\\docsoft.plugin.UserInfo
		SccWebProject55 = true
		SccProjectUniqueName55 = web
		SccProjectName55 = web
		SccLocalPath55 = web
		SccProjectEnlistmentChoice55 = 2
	EndGlobalSection
	GlobalSection(TestCaseManagementSettings) = postSolution
		CategoryFile = ktt_x1.vsmdi
	EndGlobalSection
	GlobalSection(SolutionConfigurationPlatforms) = preSolution
		Debug|Any CPU = Debug|Any CPU
		Debug|Mixed Platforms = Debug|Mixed Platforms
		Debug|x86 = Debug|x86
		Release|Any CPU = Release|Any CPU
		Release|Mixed Platforms = Release|Mixed Platforms
		Release|x86 = Release|x86
	EndGlobalSection
	GlobalSection(ProjectConfigurationPlatforms) = postSolution
		{57E9EC8D-655E-4BCC-9AFF-A505FAA878CA}.Debug|Any CPU.ActiveCfg = Debug|Any CPU
		{57E9EC8D-655E-4BCC-9AFF-A505FAA878CA}.Debug|Any CPU.Build.0 = Debug|Any CPU
		{57E9EC8D-655E-4BCC-9AFF-A505FAA878CA}.Debug|Mixed Platforms.ActiveCfg = Release|Any CPU
		{57E9EC8D-655E-4BCC-9AFF-A505FAA878CA}.Debug|Mixed Platforms.Build.0 = Release|Any CPU
		{57E9EC8D-655E-4BCC-9AFF-A505FAA878CA}.Debug|x86.ActiveCfg = Debug|Any CPU
		{57E9EC8D-655E-4BCC-9AFF-A505FAA878CA}.Release|Any CPU.ActiveCfg = Release|Any CPU
		{57E9EC8D-655E-4BCC-9AFF-A505FAA878CA}.Release|Any CPU.Build.0 = Release|Any CPU
		{57E9EC8D-655E-4BCC-9AFF-A505FAA878CA}.Release|Mixed Platforms.ActiveCfg = Release|Any CPU
		{57E9EC8D-655E-4BCC-9AFF-A505FAA878CA}.Release|Mixed Platforms.Build.0 = Release|Any CPU
		{57E9EC8D-655E-4BCC-9AFF-A505FAA878CA}.Release|x86.ActiveCfg = Release|Any CPU
		{081057F3-0D4E-4173-8D9F-2EA8CD9CD0C3}.Debug|Any CPU.ActiveCfg = Debug|Any CPU
		{081057F3-0D4E-4173-8D9F-2EA8CD9CD0C3}.Debug|Any CPU.Build.0 = Debug|Any CPU
		{081057F3-0D4E-4173-8D9F-2EA8CD9CD0C3}.Debug|Mixed Platforms.ActiveCfg = Release|Any CPU
		{081057F3-0D4E-4173-8D9F-2EA8CD9CD0C3}.Debug|Mixed Platforms.Build.0 = Release|Any CPU
		{081057F3-0D4E-4173-8D9F-2EA8CD9CD0C3}.Debug|x86.ActiveCfg = Debug|Any CPU
		{081057F3-0D4E-4173-8D9F-2EA8CD9CD0C3}.Release|Any CPU.ActiveCfg = Release|Any CPU
		{081057F3-0D4E-4173-8D9F-2EA8CD9CD0C3}.Release|Any CPU.Build.0 = Release|Any CPU
		{081057F3-0D4E-4173-8D9F-2EA8CD9CD0C3}.Release|Mixed Platforms.ActiveCfg = Release|Any CPU
		{081057F3-0D4E-4173-8D9F-2EA8CD9CD0C3}.Release|Mixed Platforms.Build.0 = Release|Any CPU
		{081057F3-0D4E-4173-8D9F-2EA8CD9CD0C3}.Release|x86.ActiveCfg = Release|Any CPU
		{AA37610E-2E32-44A7-918B-FA11F8DB8028}.Debug|Any CPU.ActiveCfg = Debug|Any CPU
		{AA37610E-2E32-44A7-918B-FA11F8DB8028}.Debug|Any CPU.Build.0 = Debug|Any CPU
		{AA37610E-2E32-44A7-918B-FA11F8DB8028}.Debug|Mixed Platforms.ActiveCfg = Release|Any CPU
		{AA37610E-2E32-44A7-918B-FA11F8DB8028}.Debug|Mixed Platforms.Build.0 = Release|Any CPU
		{AA37610E-2E32-44A7-918B-FA11F8DB8028}.Debug|x86.ActiveCfg = Debug|Any CPU
		{AA37610E-2E32-44A7-918B-FA11F8DB8028}.Release|Any CPU.ActiveCfg = Release|Any CPU
		{AA37610E-2E32-44A7-918B-FA11F8DB8028}.Release|Any CPU.Build.0 = Release|Any CPU
		{AA37610E-2E32-44A7-918B-FA11F8DB8028}.Release|Mixed Platforms.ActiveCfg = Release|Any CPU
		{AA37610E-2E32-44A7-918B-FA11F8DB8028}.Release|Mixed Platforms.Build.0 = Release|Any CPU
		{AA37610E-2E32-44A7-918B-FA11F8DB8028}.Release|x86.ActiveCfg = Release|Any CPU
		{0F7C52AE-C106-48E8-B8AF-2E3465E7C72B}.Debug|Any CPU.ActiveCfg = Debug|Any CPU
		{0F7C52AE-C106-48E8-B8AF-2E3465E7C72B}.Debug|Any CPU.Build.0 = Debug|Any CPU
		{0F7C52AE-C106-48E8-B8AF-2E3465E7C72B}.Debug|Mixed Platforms.ActiveCfg = Release|Any CPU
		{0F7C52AE-C106-48E8-B8AF-2E3465E7C72B}.Debug|Mixed Platforms.Build.0 = Release|Any CPU
		{0F7C52AE-C106-48E8-B8AF-2E3465E7C72B}.Debug|x86.ActiveCfg = Debug|Any CPU
		{0F7C52AE-C106-48E8-B8AF-2E3465E7C72B}.Release|Any CPU.ActiveCfg = Release|Any CPU
		{0F7C52AE-C106-48E8-B8AF-2E3465E7C72B}.Release|Any CPU.Build.0 = Release|Any CPU
		{0F7C52AE-C106-48E8-B8AF-2E3465E7C72B}.Release|Mixed Platforms.ActiveCfg = Release|Any CPU
		{0F7C52AE-C106-48E8-B8AF-2E3465E7C72B}.Release|Mixed Platforms.Build.0 = Release|Any CPU
		{0F7C52AE-C106-48E8-B8AF-2E3465E7C72B}.Release|x86.ActiveCfg = Release|Any CPU
		{9F8E88DA-17D5-42A1-B7E5-71A511608A68}.Debug|Any CPU.ActiveCfg = Debug|Any CPU
		{9F8E88DA-17D5-42A1-B7E5-71A511608A68}.Debug|Any CPU.Build.0 = Debug|Any CPU
		{9F8E88DA-17D5-42A1-B7E5-71A511608A68}.Debug|Mixed Platforms.ActiveCfg = Release|Any CPU
		{9F8E88DA-17D5-42A1-B7E5-71A511608A68}.Debug|Mixed Platforms.Build.0 = Release|Any CPU
		{9F8E88DA-17D5-42A1-B7E5-71A511608A68}.Debug|x86.ActiveCfg = Debug|Any CPU
		{9F8E88DA-17D5-42A1-B7E5-71A511608A68}.Release|Any CPU.ActiveCfg = Release|Any CPU
		{9F8E88DA-17D5-42A1-B7E5-71A511608A68}.Release|Any CPU.Build.0 = Release|Any CPU
		{9F8E88DA-17D5-42A1-B7E5-71A511608A68}.Release|Mixed Platforms.ActiveCfg = Release|Any CPU
		{9F8E88DA-17D5-42A1-B7E5-71A511608A68}.Release|Mixed Platforms.Build.0 = Release|Any CPU
		{9F8E88DA-17D5-42A1-B7E5-71A511608A68}.Release|x86.ActiveCfg = Release|Any CPU
		{937108F7-CFC4-4D79-8E6E-277BDB29B9B4}.Debug|Any CPU.ActiveCfg = Debug|Any CPU
		{937108F7-CFC4-4D79-8E6E-277BDB29B9B4}.Debug|Any CPU.Build.0 = Debug|Any CPU
		{937108F7-CFC4-4D79-8E6E-277BDB29B9B4}.Debug|Mixed Platforms.ActiveCfg = Release|Any CPU
		{937108F7-CFC4-4D79-8E6E-277BDB29B9B4}.Debug|Mixed Platforms.Build.0 = Release|Any CPU
		{937108F7-CFC4-4D79-8E6E-277BDB29B9B4}.Debug|x86.ActiveCfg = Debug|Any CPU
		{937108F7-CFC4-4D79-8E6E-277BDB29B9B4}.Release|Any CPU.ActiveCfg = Release|Any CPU
		{937108F7-CFC4-4D79-8E6E-277BDB29B9B4}.Release|Any CPU.Build.0 = Release|Any CPU
		{937108F7-CFC4-4D79-8E6E-277BDB29B9B4}.Release|Mixed Platforms.ActiveCfg = Release|Any CPU
		{937108F7-CFC4-4D79-8E6E-277BDB29B9B4}.Release|Mixed Platforms.Build.0 = Release|Any CPU
		{937108F7-CFC4-4D79-8E6E-277BDB29B9B4}.Release|x86.ActiveCfg = Release|Any CPU
		{7CAA3245-6650-4794-8D47-B8EB8EC4F1A4}.Debug|Any CPU.ActiveCfg = Debug|Any CPU
		{7CAA3245-6650-4794-8D47-B8EB8EC4F1A4}.Debug|Any CPU.Build.0 = Debug|Any CPU
		{7CAA3245-6650-4794-8D47-B8EB8EC4F1A4}.Debug|Mixed Platforms.ActiveCfg = Release|Any CPU
		{7CAA3245-6650-4794-8D47-B8EB8EC4F1A4}.Debug|Mixed Platforms.Build.0 = Release|Any CPU
		{7CAA3245-6650-4794-8D47-B8EB8EC4F1A4}.Debug|x86.ActiveCfg = Debug|Any CPU
		{7CAA3245-6650-4794-8D47-B8EB8EC4F1A4}.Release|Any CPU.ActiveCfg = Release|Any CPU
		{7CAA3245-6650-4794-8D47-B8EB8EC4F1A4}.Release|Any CPU.Build.0 = Release|Any CPU
		{7CAA3245-6650-4794-8D47-B8EB8EC4F1A4}.Release|Mixed Platforms.ActiveCfg = Release|Any CPU
		{7CAA3245-6650-4794-8D47-B8EB8EC4F1A4}.Release|Mixed Platforms.Build.0 = Release|Any CPU
		{7CAA3245-6650-4794-8D47-B8EB8EC4F1A4}.Release|x86.ActiveCfg = Release|Any CPU
		{CC520B50-0E12-48BB-AD04-B99C5EFF22B5}.Debug|Any CPU.ActiveCfg = Debug|Any CPU
		{CC520B50-0E12-48BB-AD04-B99C5EFF22B5}.Debug|Any CPU.Build.0 = Debug|Any CPU
		{CC520B50-0E12-48BB-AD04-B99C5EFF22B5}.Debug|Mixed Platforms.ActiveCfg = Release|Any CPU
		{CC520B50-0E12-48BB-AD04-B99C5EFF22B5}.Debug|Mixed Platforms.Build.0 = Release|Any CPU
		{CC520B50-0E12-48BB-AD04-B99C5EFF22B5}.Debug|x86.ActiveCfg = Debug|Any CPU
		{CC520B50-0E12-48BB-AD04-B99C5EFF22B5}.Release|Any CPU.ActiveCfg = Release|Any CPU
		{CC520B50-0E12-48BB-AD04-B99C5EFF22B5}.Release|Any CPU.Build.0 = Release|Any CPU
		{CC520B50-0E12-48BB-AD04-B99C5EFF22B5}.Release|Mixed Platforms.ActiveCfg = Release|Any CPU
		{CC520B50-0E12-48BB-AD04-B99C5EFF22B5}.Release|Mixed Platforms.Build.0 = Release|Any CPU
		{CC520B50-0E12-48BB-AD04-B99C5EFF22B5}.Release|x86.ActiveCfg = Release|Any CPU
		{133CE280-4BD6-499C-9416-BF464E4FD772}.Debug|Any CPU.ActiveCfg = Debug|Any CPU
		{133CE280-4BD6-499C-9416-BF464E4FD772}.Debug|Any CPU.Build.0 = Debug|Any CPU
		{133CE280-4BD6-499C-9416-BF464E4FD772}.Debug|Mixed Platforms.ActiveCfg = Release|Any CPU
		{133CE280-4BD6-499C-9416-BF464E4FD772}.Debug|Mixed Platforms.Build.0 = Release|Any CPU
		{133CE280-4BD6-499C-9416-BF464E4FD772}.Debug|x86.ActiveCfg = Debug|Any CPU
		{133CE280-4BD6-499C-9416-BF464E4FD772}.Release|Any CPU.ActiveCfg = Release|Any CPU
		{133CE280-4BD6-499C-9416-BF464E4FD772}.Release|Any CPU.Build.0 = Release|Any CPU
		{133CE280-4BD6-499C-9416-BF464E4FD772}.Release|Mixed Platforms.ActiveCfg = Release|Any CPU
		{133CE280-4BD6-499C-9416-BF464E4FD772}.Release|Mixed Platforms.Build.0 = Release|Any CPU
		{133CE280-4BD6-499C-9416-BF464E4FD772}.Release|x86.ActiveCfg = Release|Any CPU
		{2833E2EF-27DF-4292-845B-807828B624FE}.Debug|Any CPU.ActiveCfg = Debug|Any CPU
		{2833E2EF-27DF-4292-845B-807828B624FE}.Debug|Any CPU.Build.0 = Debug|Any CPU
		{2833E2EF-27DF-4292-845B-807828B624FE}.Debug|Mixed Platforms.ActiveCfg = Release|Any CPU
		{2833E2EF-27DF-4292-845B-807828B624FE}.Debug|Mixed Platforms.Build.0 = Release|Any CPU
		{2833E2EF-27DF-4292-845B-807828B624FE}.Debug|x86.ActiveCfg = Debug|Any CPU
		{2833E2EF-27DF-4292-845B-807828B624FE}.Release|Any CPU.ActiveCfg = Release|Any CPU
		{2833E2EF-27DF-4292-845B-807828B624FE}.Release|Any CPU.Build.0 = Release|Any CPU
		{2833E2EF-27DF-4292-845B-807828B624FE}.Release|Mixed Platforms.ActiveCfg = Release|Any CPU
		{2833E2EF-27DF-4292-845B-807828B624FE}.Release|Mixed Platforms.Build.0 = Release|Any CPU
		{2833E2EF-27DF-4292-845B-807828B624FE}.Release|x86.ActiveCfg = Release|Any CPU
		{A2212480-3C55-4412-B919-6813EA2AF759}.Debug|Any CPU.ActiveCfg = Debug|Any CPU
		{A2212480-3C55-4412-B919-6813EA2AF759}.Debug|Any CPU.Build.0 = Debug|Any CPU
		{A2212480-3C55-4412-B919-6813EA2AF759}.Debug|Mixed Platforms.ActiveCfg = Release|Any CPU
		{A2212480-3C55-4412-B919-6813EA2AF759}.Debug|Mixed Platforms.Build.0 = Release|Any CPU
		{A2212480-3C55-4412-B919-6813EA2AF759}.Debug|x86.ActiveCfg = Debug|Any CPU
		{A2212480-3C55-4412-B919-6813EA2AF759}.Release|Any CPU.ActiveCfg = Release|Any CPU
		{A2212480-3C55-4412-B919-6813EA2AF759}.Release|Any CPU.Build.0 = Release|Any CPU
		{A2212480-3C55-4412-B919-6813EA2AF759}.Release|Mixed Platforms.ActiveCfg = Release|Any CPU
		{A2212480-3C55-4412-B919-6813EA2AF759}.Release|Mixed Platforms.Build.0 = Release|Any CPU
		{A2212480-3C55-4412-B919-6813EA2AF759}.Release|x86.ActiveCfg = Release|Any CPU
		{50207108-A4D6-45F1-A6DD-AE2600798C67}.Debug|Any CPU.ActiveCfg = Debug|Any CPU
		{50207108-A4D6-45F1-A6DD-AE2600798C67}.Debug|Any CPU.Build.0 = Debug|Any CPU
		{50207108-A4D6-45F1-A6DD-AE2600798C67}.Debug|Mixed Platforms.ActiveCfg = Release|Any CPU
		{50207108-A4D6-45F1-A6DD-AE2600798C67}.Debug|Mixed Platforms.Build.0 = Release|Any CPU
		{50207108-A4D6-45F1-A6DD-AE2600798C67}.Debug|x86.ActiveCfg = Debug|Any CPU
		{50207108-A4D6-45F1-A6DD-AE2600798C67}.Release|Any CPU.ActiveCfg = Release|Any CPU
		{50207108-A4D6-45F1-A6DD-AE2600798C67}.Release|Any CPU.Build.0 = Release|Any CPU
		{50207108-A4D6-45F1-A6DD-AE2600798C67}.Release|Mixed Platforms.ActiveCfg = Release|Any CPU
		{50207108-A4D6-45F1-A6DD-AE2600798C67}.Release|Mixed Platforms.Build.0 = Release|Any CPU
		{50207108-A4D6-45F1-A6DD-AE2600798C67}.Release|x86.ActiveCfg = Release|Any CPU
		{B73DD6F1-AF34-48A5-80C4-CC9F8B8B10F3}.Debug|Any CPU.ActiveCfg = Debug|Any CPU
		{B73DD6F1-AF34-48A5-80C4-CC9F8B8B10F3}.Debug|Any CPU.Build.0 = Debug|Any CPU
		{B73DD6F1-AF34-48A5-80C4-CC9F8B8B10F3}.Debug|Mixed Platforms.ActiveCfg = Release|Any CPU
		{B73DD6F1-AF34-48A5-80C4-CC9F8B8B10F3}.Debug|Mixed Platforms.Build.0 = Release|Any CPU
		{B73DD6F1-AF34-48A5-80C4-CC9F8B8B10F3}.Debug|x86.ActiveCfg = Debug|Any CPU
		{B73DD6F1-AF34-48A5-80C4-CC9F8B8B10F3}.Release|Any CPU.ActiveCfg = Release|Any CPU
		{B73DD6F1-AF34-48A5-80C4-CC9F8B8B10F3}.Release|Any CPU.Build.0 = Release|Any CPU
		{B73DD6F1-AF34-48A5-80C4-CC9F8B8B10F3}.Release|Mixed Platforms.ActiveCfg = Release|Any CPU
		{B73DD6F1-AF34-48A5-80C4-CC9F8B8B10F3}.Release|Mixed Platforms.Build.0 = Release|Any CPU
		{B73DD6F1-AF34-48A5-80C4-CC9F8B8B10F3}.Release|x86.ActiveCfg = Release|Any CPU
		{C9F3A761-A5FE-440E-9905-5599558CB95B}.Debug|Any CPU.ActiveCfg = Debug|Any CPU
		{C9F3A761-A5FE-440E-9905-5599558CB95B}.Debug|Any CPU.Build.0 = Debug|Any CPU
		{C9F3A761-A5FE-440E-9905-5599558CB95B}.Debug|Mixed Platforms.ActiveCfg = Release|Any CPU
		{C9F3A761-A5FE-440E-9905-5599558CB95B}.Debug|Mixed Platforms.Build.0 = Release|Any CPU
		{C9F3A761-A5FE-440E-9905-5599558CB95B}.Debug|x86.ActiveCfg = Debug|Any CPU
		{C9F3A761-A5FE-440E-9905-5599558CB95B}.Release|Any CPU.ActiveCfg = Release|Any CPU
		{C9F3A761-A5FE-440E-9905-5599558CB95B}.Release|Any CPU.Build.0 = Release|Any CPU
		{C9F3A761-A5FE-440E-9905-5599558CB95B}.Release|Mixed Platforms.ActiveCfg = Release|Any CPU
		{C9F3A761-A5FE-440E-9905-5599558CB95B}.Release|Mixed Platforms.Build.0 = Release|Any CPU
		{C9F3A761-A5FE-440E-9905-5599558CB95B}.Release|x86.ActiveCfg = Release|Any CPU
		{CC439979-ED0D-449A-AD83-619426F88FC9}.Debug|Any CPU.ActiveCfg = Debug|Any CPU
		{CC439979-ED0D-449A-AD83-619426F88FC9}.Debug|Any CPU.Build.0 = Debug|Any CPU
		{CC439979-ED0D-449A-AD83-619426F88FC9}.Debug|Mixed Platforms.ActiveCfg = Debug|Any CPU
		{CC439979-ED0D-449A-AD83-619426F88FC9}.Debug|Mixed Platforms.Build.0 = Debug|Any CPU
		{CC439979-ED0D-449A-AD83-619426F88FC9}.Debug|x86.ActiveCfg = Debug|Any CPU
		{CC439979-ED0D-449A-AD83-619426F88FC9}.Release|Any CPU.ActiveCfg = Debug|Any CPU
		{CC439979-ED0D-449A-AD83-619426F88FC9}.Release|Any CPU.Build.0 = Debug|Any CPU
		{CC439979-ED0D-449A-AD83-619426F88FC9}.Release|Mixed Platforms.ActiveCfg = Debug|Any CPU
		{CC439979-ED0D-449A-AD83-619426F88FC9}.Release|Mixed Platforms.Build.0 = Debug|Any CPU
		{CC439979-ED0D-449A-AD83-619426F88FC9}.Release|x86.ActiveCfg = Debug|Any CPU
		{343B9F31-8E76-4D6D-9422-E1100AC5B10A}.Debug|Any CPU.ActiveCfg = Debug|Any CPU
		{343B9F31-8E76-4D6D-9422-E1100AC5B10A}.Debug|Any CPU.Build.0 = Debug|Any CPU
		{343B9F31-8E76-4D6D-9422-E1100AC5B10A}.Debug|Mixed Platforms.ActiveCfg = Release|Any CPU
		{343B9F31-8E76-4D6D-9422-E1100AC5B10A}.Debug|Mixed Platforms.Build.0 = Release|Any CPU
		{343B9F31-8E76-4D6D-9422-E1100AC5B10A}.Debug|x86.ActiveCfg = Debug|Any CPU
		{343B9F31-8E76-4D6D-9422-E1100AC5B10A}.Release|Any CPU.ActiveCfg = Release|Any CPU
		{343B9F31-8E76-4D6D-9422-E1100AC5B10A}.Release|Any CPU.Build.0 = Release|Any CPU
		{343B9F31-8E76-4D6D-9422-E1100AC5B10A}.Release|Mixed Platforms.ActiveCfg = Release|Any CPU
		{343B9F31-8E76-4D6D-9422-E1100AC5B10A}.Release|Mixed Platforms.Build.0 = Release|Any CPU
		{343B9F31-8E76-4D6D-9422-E1100AC5B10A}.Release|x86.ActiveCfg = Release|Any CPU
		{5B2E54B7-A83C-4100-8285-A0630E7CED19}.Debug|Any CPU.ActiveCfg = Debug|Any CPU
		{5B2E54B7-A83C-4100-8285-A0630E7CED19}.Debug|Any CPU.Build.0 = Debug|Any CPU
		{5B2E54B7-A83C-4100-8285-A0630E7CED19}.Debug|Mixed Platforms.ActiveCfg = Release|Any CPU
		{5B2E54B7-A83C-4100-8285-A0630E7CED19}.Debug|Mixed Platforms.Build.0 = Release|Any CPU
		{5B2E54B7-A83C-4100-8285-A0630E7CED19}.Debug|x86.ActiveCfg = Debug|Any CPU
		{5B2E54B7-A83C-4100-8285-A0630E7CED19}.Release|Any CPU.ActiveCfg = Release|Any CPU
		{5B2E54B7-A83C-4100-8285-A0630E7CED19}.Release|Any CPU.Build.0 = Release|Any CPU
		{5B2E54B7-A83C-4100-8285-A0630E7CED19}.Release|Mixed Platforms.ActiveCfg = Release|Any CPU
		{5B2E54B7-A83C-4100-8285-A0630E7CED19}.Release|Mixed Platforms.Build.0 = Release|Any CPU
		{5B2E54B7-A83C-4100-8285-A0630E7CED19}.Release|x86.ActiveCfg = Release|Any CPU
		{0B57A087-6372-4E87-ADCA-835560208CFB}.Debug|Any CPU.ActiveCfg = Debug|Any CPU
		{0B57A087-6372-4E87-ADCA-835560208CFB}.Debug|Any CPU.Build.0 = Debug|Any CPU
		{0B57A087-6372-4E87-ADCA-835560208CFB}.Debug|Mixed Platforms.ActiveCfg = Debug|Any CPU
		{0B57A087-6372-4E87-ADCA-835560208CFB}.Debug|Mixed Platforms.Build.0 = Debug|Any CPU
		{0B57A087-6372-4E87-ADCA-835560208CFB}.Debug|x86.ActiveCfg = Debug|Any CPU
		{0B57A087-6372-4E87-ADCA-835560208CFB}.Release|Any CPU.ActiveCfg = Release|Any CPU
		{0B57A087-6372-4E87-ADCA-835560208CFB}.Release|Any CPU.Build.0 = Release|Any CPU
		{0B57A087-6372-4E87-ADCA-835560208CFB}.Release|Mixed Platforms.ActiveCfg = Release|Any CPU
		{0B57A087-6372-4E87-ADCA-835560208CFB}.Release|Mixed Platforms.Build.0 = Release|Any CPU
		{0B57A087-6372-4E87-ADCA-835560208CFB}.Release|x86.ActiveCfg = Release|Any CPU
		{19C0BC4C-034F-42EB-893C-C9FB28A22B01}.Debug|Any CPU.ActiveCfg = Debug|Any CPU
		{19C0BC4C-034F-42EB-893C-C9FB28A22B01}.Debug|Any CPU.Build.0 = Debug|Any CPU
		{19C0BC4C-034F-42EB-893C-C9FB28A22B01}.Debug|Mixed Platforms.ActiveCfg = Debug|Any CPU
		{19C0BC4C-034F-42EB-893C-C9FB28A22B01}.Debug|Mixed Platforms.Build.0 = Debug|Any CPU
		{19C0BC4C-034F-42EB-893C-C9FB28A22B01}.Debug|x86.ActiveCfg = Debug|Any CPU
		{19C0BC4C-034F-42EB-893C-C9FB28A22B01}.Release|Any CPU.ActiveCfg = Release|Any CPU
		{19C0BC4C-034F-42EB-893C-C9FB28A22B01}.Release|Any CPU.Build.0 = Release|Any CPU
		{19C0BC4C-034F-42EB-893C-C9FB28A22B01}.Release|Mixed Platforms.ActiveCfg = Release|Any CPU
		{19C0BC4C-034F-42EB-893C-C9FB28A22B01}.Release|Mixed Platforms.Build.0 = Release|Any CPU
		{19C0BC4C-034F-42EB-893C-C9FB28A22B01}.Release|x86.ActiveCfg = Release|Any CPU
		{0AE61564-649B-4CB7-B26C-FAD84D54C1A7}.Debug|Any CPU.ActiveCfg = Debug|Any CPU
		{0AE61564-649B-4CB7-B26C-FAD84D54C1A7}.Debug|Any CPU.Build.0 = Debug|Any CPU
		{0AE61564-649B-4CB7-B26C-FAD84D54C1A7}.Debug|Mixed Platforms.ActiveCfg = Debug|Any CPU
		{0AE61564-649B-4CB7-B26C-FAD84D54C1A7}.Debug|Mixed Platforms.Build.0 = Debug|Any CPU
		{0AE61564-649B-4CB7-B26C-FAD84D54C1A7}.Debug|x86.ActiveCfg = Debug|Any CPU
		{0AE61564-649B-4CB7-B26C-FAD84D54C1A7}.Release|Any CPU.ActiveCfg = Release|Any CPU
		{0AE61564-649B-4CB7-B26C-FAD84D54C1A7}.Release|Any CPU.Build.0 = Release|Any CPU
		{0AE61564-649B-4CB7-B26C-FAD84D54C1A7}.Release|Mixed Platforms.ActiveCfg = Release|Any CPU
		{0AE61564-649B-4CB7-B26C-FAD84D54C1A7}.Release|Mixed Platforms.Build.0 = Release|Any CPU
		{0AE61564-649B-4CB7-B26C-FAD84D54C1A7}.Release|x86.ActiveCfg = Release|Any CPU
		{F93ADACE-7A00-470F-A070-AA2451BCD544}.Debug|Any CPU.ActiveCfg = Debug|Any CPU
		{F93ADACE-7A00-470F-A070-AA2451BCD544}.Debug|Any CPU.Build.0 = Debug|Any CPU
		{F93ADACE-7A00-470F-A070-AA2451BCD544}.Debug|Mixed Platforms.ActiveCfg = Debug|Any CPU
		{F93ADACE-7A00-470F-A070-AA2451BCD544}.Debug|Mixed Platforms.Build.0 = Debug|Any CPU
		{F93ADACE-7A00-470F-A070-AA2451BCD544}.Debug|x86.ActiveCfg = Debug|Any CPU
		{F93ADACE-7A00-470F-A070-AA2451BCD544}.Release|Any CPU.ActiveCfg = Release|Any CPU
		{F93ADACE-7A00-470F-A070-AA2451BCD544}.Release|Any CPU.Build.0 = Release|Any CPU
		{F93ADACE-7A00-470F-A070-AA2451BCD544}.Release|Mixed Platforms.ActiveCfg = Release|Any CPU
		{F93ADACE-7A00-470F-A070-AA2451BCD544}.Release|Mixed Platforms.Build.0 = Release|Any CPU
		{F93ADACE-7A00-470F-A070-AA2451BCD544}.Release|x86.ActiveCfg = Release|Any CPU
		{FE74BE1D-AA29-449F-BCEA-65D4744E95AA}.Debug|Any CPU.ActiveCfg = Debug|Any CPU
		{FE74BE1D-AA29-449F-BCEA-65D4744E95AA}.Debug|Any CPU.Build.0 = Debug|Any CPU
		{FE74BE1D-AA29-449F-BCEA-65D4744E95AA}.Debug|Mixed Platforms.ActiveCfg = Debug|Any CPU
		{FE74BE1D-AA29-449F-BCEA-65D4744E95AA}.Debug|Mixed Platforms.Build.0 = Debug|Any CPU
		{FE74BE1D-AA29-449F-BCEA-65D4744E95AA}.Debug|x86.ActiveCfg = Debug|Any CPU
		{FE74BE1D-AA29-449F-BCEA-65D4744E95AA}.Release|Any CPU.ActiveCfg = Release|Any CPU
		{FE74BE1D-AA29-449F-BCEA-65D4744E95AA}.Release|Any CPU.Build.0 = Release|Any CPU
		{FE74BE1D-AA29-449F-BCEA-65D4744E95AA}.Release|Mixed Platforms.ActiveCfg = Release|Any CPU
		{FE74BE1D-AA29-449F-BCEA-65D4744E95AA}.Release|Mixed Platforms.Build.0 = Release|Any CPU
		{FE74BE1D-AA29-449F-BCEA-65D4744E95AA}.Release|x86.ActiveCfg = Release|Any CPU
		{9F846690-CAE7-4B30-A9AF-821DB2FAF236}.Debug|Any CPU.ActiveCfg = Debug|Any CPU
		{9F846690-CAE7-4B30-A9AF-821DB2FAF236}.Debug|Any CPU.Build.0 = Debug|Any CPU
		{9F846690-CAE7-4B30-A9AF-821DB2FAF236}.Debug|Mixed Platforms.ActiveCfg = Debug|Any CPU
		{9F846690-CAE7-4B30-A9AF-821DB2FAF236}.Debug|Mixed Platforms.Build.0 = Debug|Any CPU
		{9F846690-CAE7-4B30-A9AF-821DB2FAF236}.Debug|x86.ActiveCfg = Debug|Any CPU
		{9F846690-CAE7-4B30-A9AF-821DB2FAF236}.Release|Any CPU.ActiveCfg = Release|Any CPU
		{9F846690-CAE7-4B30-A9AF-821DB2FAF236}.Release|Any CPU.Build.0 = Release|Any CPU
		{9F846690-CAE7-4B30-A9AF-821DB2FAF236}.Release|Mixed Platforms.ActiveCfg = Release|Any CPU
		{9F846690-CAE7-4B30-A9AF-821DB2FAF236}.Release|Mixed Platforms.Build.0 = Release|Any CPU
		{9F846690-CAE7-4B30-A9AF-821DB2FAF236}.Release|x86.ActiveCfg = Release|Any CPU
		{421FA6FA-8004-49A3-8914-05F6EA4B6A94}.Debug|Any CPU.ActiveCfg = Debug|Any CPU
		{421FA6FA-8004-49A3-8914-05F6EA4B6A94}.Debug|Any CPU.Build.0 = Debug|Any CPU
		{421FA6FA-8004-49A3-8914-05F6EA4B6A94}.Debug|Mixed Platforms.ActiveCfg = Debug|Any CPU
		{421FA6FA-8004-49A3-8914-05F6EA4B6A94}.Debug|Mixed Platforms.Build.0 = Debug|Any CPU
		{421FA6FA-8004-49A3-8914-05F6EA4B6A94}.Debug|x86.ActiveCfg = Debug|Any CPU
		{421FA6FA-8004-49A3-8914-05F6EA4B6A94}.Release|Any CPU.ActiveCfg = Release|Any CPU
		{421FA6FA-8004-49A3-8914-05F6EA4B6A94}.Release|Any CPU.Build.0 = Release|Any CPU
		{421FA6FA-8004-49A3-8914-05F6EA4B6A94}.Release|Mixed Platforms.ActiveCfg = Release|Any CPU
		{421FA6FA-8004-49A3-8914-05F6EA4B6A94}.Release|Mixed Platforms.Build.0 = Release|Any CPU
		{421FA6FA-8004-49A3-8914-05F6EA4B6A94}.Release|x86.ActiveCfg = Release|Any CPU
		{E6DDDA8C-EF48-4528-B718-E346C85C5E30}.Debug|Any CPU.ActiveCfg = Debug|Any CPU
		{E6DDDA8C-EF48-4528-B718-E346C85C5E30}.Debug|Any CPU.Build.0 = Debug|Any CPU
		{E6DDDA8C-EF48-4528-B718-E346C85C5E30}.Debug|Mixed Platforms.ActiveCfg = Debug|Any CPU
		{E6DDDA8C-EF48-4528-B718-E346C85C5E30}.Debug|Mixed Platforms.Build.0 = Debug|Any CPU
		{E6DDDA8C-EF48-4528-B718-E346C85C5E30}.Debug|x86.ActiveCfg = Debug|Any CPU
		{E6DDDA8C-EF48-4528-B718-E346C85C5E30}.Release|Any CPU.ActiveCfg = Release|Any CPU
		{E6DDDA8C-EF48-4528-B718-E346C85C5E30}.Release|Any CPU.Build.0 = Release|Any CPU
		{E6DDDA8C-EF48-4528-B718-E346C85C5E30}.Release|Mixed Platforms.ActiveCfg = Release|Any CPU
		{E6DDDA8C-EF48-4528-B718-E346C85C5E30}.Release|Mixed Platforms.Build.0 = Release|Any CPU
		{E6DDDA8C-EF48-4528-B718-E346C85C5E30}.Release|x86.ActiveCfg = Release|Any CPU
		{3C2EAAD6-2BE0-4E83-8FD3-400E2D913549}.Debug|Any CPU.ActiveCfg = Debug|Any CPU
		{3C2EAAD6-2BE0-4E83-8FD3-400E2D913549}.Debug|Any CPU.Build.0 = Debug|Any CPU
		{3C2EAAD6-2BE0-4E83-8FD3-400E2D913549}.Debug|Mixed Platforms.ActiveCfg = Debug|Any CPU
		{3C2EAAD6-2BE0-4E83-8FD3-400E2D913549}.Debug|Mixed Platforms.Build.0 = Debug|Any CPU
		{3C2EAAD6-2BE0-4E83-8FD3-400E2D913549}.Debug|x86.ActiveCfg = Debug|Any CPU
		{3C2EAAD6-2BE0-4E83-8FD3-400E2D913549}.Release|Any CPU.ActiveCfg = Release|Any CPU
		{3C2EAAD6-2BE0-4E83-8FD3-400E2D913549}.Release|Any CPU.Build.0 = Release|Any CPU
		{3C2EAAD6-2BE0-4E83-8FD3-400E2D913549}.Release|Mixed Platforms.ActiveCfg = Release|Any CPU
		{3C2EAAD6-2BE0-4E83-8FD3-400E2D913549}.Release|Mixed Platforms.Build.0 = Release|Any CPU
		{3C2EAAD6-2BE0-4E83-8FD3-400E2D913549}.Release|x86.ActiveCfg = Release|Any CPU
		{3057C995-378B-4306-BEBB-8473B13F4E47}.Debug|Any CPU.ActiveCfg = Debug|Any CPU
		{3057C995-378B-4306-BEBB-8473B13F4E47}.Debug|Any CPU.Build.0 = Debug|Any CPU
		{3057C995-378B-4306-BEBB-8473B13F4E47}.Debug|Mixed Platforms.ActiveCfg = Debug|Any CPU
		{3057C995-378B-4306-BEBB-8473B13F4E47}.Debug|Mixed Platforms.Build.0 = Debug|Any CPU
		{3057C995-378B-4306-BEBB-8473B13F4E47}.Debug|x86.ActiveCfg = Debug|Any CPU
		{3057C995-378B-4306-BEBB-8473B13F4E47}.Release|Any CPU.ActiveCfg = Release|Any CPU
		{3057C995-378B-4306-BEBB-8473B13F4E47}.Release|Any CPU.Build.0 = Release|Any CPU
		{3057C995-378B-4306-BEBB-8473B13F4E47}.Release|Mixed Platforms.ActiveCfg = Release|Any CPU
		{3057C995-378B-4306-BEBB-8473B13F4E47}.Release|Mixed Platforms.Build.0 = Release|Any CPU
		{3057C995-378B-4306-BEBB-8473B13F4E47}.Release|x86.ActiveCfg = Release|Any CPU
		{A77B6BD5-AE68-45E1-812C-EFCC322B22F9}.Debug|Any CPU.ActiveCfg = Debug|Any CPU
		{A77B6BD5-AE68-45E1-812C-EFCC322B22F9}.Debug|Any CPU.Build.0 = Debug|Any CPU
		{A77B6BD5-AE68-45E1-812C-EFCC322B22F9}.Debug|Mixed Platforms.ActiveCfg = Debug|Any CPU
		{A77B6BD5-AE68-45E1-812C-EFCC322B22F9}.Debug|Mixed Platforms.Build.0 = Debug|Any CPU
		{A77B6BD5-AE68-45E1-812C-EFCC322B22F9}.Debug|x86.ActiveCfg = Debug|Any CPU
		{A77B6BD5-AE68-45E1-812C-EFCC322B22F9}.Release|Any CPU.ActiveCfg = Release|Any CPU
		{A77B6BD5-AE68-45E1-812C-EFCC322B22F9}.Release|Any CPU.Build.0 = Release|Any CPU
		{A77B6BD5-AE68-45E1-812C-EFCC322B22F9}.Release|Mixed Platforms.ActiveCfg = Release|Any CPU
		{A77B6BD5-AE68-45E1-812C-EFCC322B22F9}.Release|Mixed Platforms.Build.0 = Release|Any CPU
		{A77B6BD5-AE68-45E1-812C-EFCC322B22F9}.Release|x86.ActiveCfg = Release|Any CPU
		{127B56E1-FCA2-4385-A330-60AD922002D4}.Debug|Any CPU.ActiveCfg = Debug|Any CPU
		{127B56E1-FCA2-4385-A330-60AD922002D4}.Debug|Any CPU.Build.0 = Debug|Any CPU
		{127B56E1-FCA2-4385-A330-60AD922002D4}.Debug|Mixed Platforms.ActiveCfg = Debug|Any CPU
		{127B56E1-FCA2-4385-A330-60AD922002D4}.Debug|Mixed Platforms.Build.0 = Debug|Any CPU
		{127B56E1-FCA2-4385-A330-60AD922002D4}.Debug|x86.ActiveCfg = Debug|Any CPU
		{127B56E1-FCA2-4385-A330-60AD922002D4}.Release|Any CPU.ActiveCfg = Release|Any CPU
		{127B56E1-FCA2-4385-A330-60AD922002D4}.Release|Any CPU.Build.0 = Release|Any CPU
		{127B56E1-FCA2-4385-A330-60AD922002D4}.Release|Mixed Platforms.ActiveCfg = Release|Any CPU
		{127B56E1-FCA2-4385-A330-60AD922002D4}.Release|Mixed Platforms.Build.0 = Release|Any CPU
		{127B56E1-FCA2-4385-A330-60AD922002D4}.Release|x86.ActiveCfg = Release|Any CPU
		{3E59645A-3BF1-4ADA-9AB1-6A6CB8A6B80A}.Debug|Any CPU.ActiveCfg = Debug|Any CPU
		{3E59645A-3BF1-4ADA-9AB1-6A6CB8A6B80A}.Debug|Any CPU.Build.0 = Debug|Any CPU
		{3E59645A-3BF1-4ADA-9AB1-6A6CB8A6B80A}.Debug|Mixed Platforms.ActiveCfg = Debug|Any CPU
		{3E59645A-3BF1-4ADA-9AB1-6A6CB8A6B80A}.Debug|Mixed Platforms.Build.0 = Debug|Any CPU
		{3E59645A-3BF1-4ADA-9AB1-6A6CB8A6B80A}.Debug|x86.ActiveCfg = Debug|Any CPU
		{3E59645A-3BF1-4ADA-9AB1-6A6CB8A6B80A}.Release|Any CPU.ActiveCfg = Release|Any CPU
		{3E59645A-3BF1-4ADA-9AB1-6A6CB8A6B80A}.Release|Any CPU.Build.0 = Release|Any CPU
		{3E59645A-3BF1-4ADA-9AB1-6A6CB8A6B80A}.Release|Mixed Platforms.ActiveCfg = Release|Any CPU
		{3E59645A-3BF1-4ADA-9AB1-6A6CB8A6B80A}.Release|Mixed Platforms.Build.0 = Release|Any CPU
		{3E59645A-3BF1-4ADA-9AB1-6A6CB8A6B80A}.Release|x86.ActiveCfg = Release|Any CPU
		{D73D202B-45CC-4C22-A0D6-822E282F3D99}.Debug|Any CPU.ActiveCfg = Debug|Any CPU
		{D73D202B-45CC-4C22-A0D6-822E282F3D99}.Debug|Any CPU.Build.0 = Debug|Any CPU
		{D73D202B-45CC-4C22-A0D6-822E282F3D99}.Debug|Mixed Platforms.ActiveCfg = Debug|Any CPU
		{D73D202B-45CC-4C22-A0D6-822E282F3D99}.Debug|Mixed Platforms.Build.0 = Debug|Any CPU
		{D73D202B-45CC-4C22-A0D6-822E282F3D99}.Debug|x86.ActiveCfg = Debug|Any CPU
		{D73D202B-45CC-4C22-A0D6-822E282F3D99}.Release|Any CPU.ActiveCfg = Release|Any CPU
		{D73D202B-45CC-4C22-A0D6-822E282F3D99}.Release|Any CPU.Build.0 = Release|Any CPU
		{D73D202B-45CC-4C22-A0D6-822E282F3D99}.Release|Mixed Platforms.ActiveCfg = Release|Any CPU
		{D73D202B-45CC-4C22-A0D6-822E282F3D99}.Release|Mixed Platforms.Build.0 = Release|Any CPU
		{D73D202B-45CC-4C22-A0D6-822E282F3D99}.Release|x86.ActiveCfg = Release|Any CPU
		{9B41430F-280A-40AC-A920-BBA956C80BDA}.Debug|Any CPU.ActiveCfg = Debug|Any CPU
		{9B41430F-280A-40AC-A920-BBA956C80BDA}.Debug|Any CPU.Build.0 = Debug|Any CPU
		{9B41430F-280A-40AC-A920-BBA956C80BDA}.Debug|Mixed Platforms.ActiveCfg = Debug|Any CPU
		{9B41430F-280A-40AC-A920-BBA956C80BDA}.Debug|Mixed Platforms.Build.0 = Debug|Any CPU
		{9B41430F-280A-40AC-A920-BBA956C80BDA}.Debug|x86.ActiveCfg = Debug|Any CPU
		{9B41430F-280A-40AC-A920-BBA956C80BDA}.Release|Any CPU.ActiveCfg = Release|Any CPU
		{9B41430F-280A-40AC-A920-BBA956C80BDA}.Release|Any CPU.Build.0 = Release|Any CPU
		{9B41430F-280A-40AC-A920-BBA956C80BDA}.Release|Mixed Platforms.ActiveCfg = Release|Any CPU
		{9B41430F-280A-40AC-A920-BBA956C80BDA}.Release|Mixed Platforms.Build.0 = Release|Any CPU
		{9B41430F-280A-40AC-A920-BBA956C80BDA}.Release|x86.ActiveCfg = Release|Any CPU
		{917B4B8F-C75C-4CD0-B83C-5A1AF44E55E1}.Debug|Any CPU.ActiveCfg = Debug|Any CPU
		{917B4B8F-C75C-4CD0-B83C-5A1AF44E55E1}.Debug|Any CPU.Build.0 = Debug|Any CPU
		{917B4B8F-C75C-4CD0-B83C-5A1AF44E55E1}.Debug|Mixed Platforms.ActiveCfg = Debug|Any CPU
		{917B4B8F-C75C-4CD0-B83C-5A1AF44E55E1}.Debug|Mixed Platforms.Build.0 = Debug|Any CPU
		{917B4B8F-C75C-4CD0-B83C-5A1AF44E55E1}.Debug|x86.ActiveCfg = Debug|Any CPU
		{917B4B8F-C75C-4CD0-B83C-5A1AF44E55E1}.Release|Any CPU.ActiveCfg = Release|Any CPU
		{917B4B8F-C75C-4CD0-B83C-5A1AF44E55E1}.Release|Any CPU.Build.0 = Release|Any CPU
		{917B4B8F-C75C-4CD0-B83C-5A1AF44E55E1}.Release|Mixed Platforms.ActiveCfg = Release|Any CPU
		{917B4B8F-C75C-4CD0-B83C-5A1AF44E55E1}.Release|Mixed Platforms.Build.0 = Release|Any CPU
		{917B4B8F-C75C-4CD0-B83C-5A1AF44E55E1}.Release|x86.ActiveCfg = Release|Any CPU
		{1738B054-824F-4495-B039-866C5F4E88FE}.Debug|Any CPU.ActiveCfg = Debug|Any CPU
		{1738B054-824F-4495-B039-866C5F4E88FE}.Debug|Any CPU.Build.0 = Debug|Any CPU
		{1738B054-824F-4495-B039-866C5F4E88FE}.Debug|Mixed Platforms.ActiveCfg = Debug|Any CPU
		{1738B054-824F-4495-B039-866C5F4E88FE}.Debug|Mixed Platforms.Build.0 = Debug|Any CPU
		{1738B054-824F-4495-B039-866C5F4E88FE}.Debug|x86.ActiveCfg = Debug|Any CPU
		{1738B054-824F-4495-B039-866C5F4E88FE}.Release|Any CPU.ActiveCfg = Release|Any CPU
		{1738B054-824F-4495-B039-866C5F4E88FE}.Release|Any CPU.Build.0 = Release|Any CPU
		{1738B054-824F-4495-B039-866C5F4E88FE}.Release|Mixed Platforms.ActiveCfg = Release|Any CPU
		{1738B054-824F-4495-B039-866C5F4E88FE}.Release|Mixed Platforms.Build.0 = Release|Any CPU
		{1738B054-824F-4495-B039-866C5F4E88FE}.Release|x86.ActiveCfg = Release|Any CPU
		{03576A7B-35F0-4C30-B4D1-A9133E4D2AF5}.Debug|Any CPU.ActiveCfg = Debug|Any CPU
		{03576A7B-35F0-4C30-B4D1-A9133E4D2AF5}.Debug|Any CPU.Build.0 = Debug|Any CPU
		{03576A7B-35F0-4C30-B4D1-A9133E4D2AF5}.Debug|Mixed Platforms.ActiveCfg = Debug|Any CPU
		{03576A7B-35F0-4C30-B4D1-A9133E4D2AF5}.Debug|Mixed Platforms.Build.0 = Debug|Any CPU
		{03576A7B-35F0-4C30-B4D1-A9133E4D2AF5}.Debug|x86.ActiveCfg = Debug|Any CPU
		{03576A7B-35F0-4C30-B4D1-A9133E4D2AF5}.Release|Any CPU.ActiveCfg = Release|Any CPU
		{03576A7B-35F0-4C30-B4D1-A9133E4D2AF5}.Release|Any CPU.Build.0 = Release|Any CPU
		{03576A7B-35F0-4C30-B4D1-A9133E4D2AF5}.Release|Mixed Platforms.ActiveCfg = Release|Any CPU
		{03576A7B-35F0-4C30-B4D1-A9133E4D2AF5}.Release|Mixed Platforms.Build.0 = Release|Any CPU
		{03576A7B-35F0-4C30-B4D1-A9133E4D2AF5}.Release|x86.ActiveCfg = Release|Any CPU
		{92D6406C-F289-4A7A-BE0B-E143F294D279}.Debug|Any CPU.ActiveCfg = Debug|Any CPU
		{92D6406C-F289-4A7A-BE0B-E143F294D279}.Debug|Any CPU.Build.0 = Debug|Any CPU
		{92D6406C-F289-4A7A-BE0B-E143F294D279}.Debug|Mixed Platforms.ActiveCfg = Debug|Any CPU
		{92D6406C-F289-4A7A-BE0B-E143F294D279}.Debug|Mixed Platforms.Build.0 = Debug|Any CPU
		{92D6406C-F289-4A7A-BE0B-E143F294D279}.Debug|x86.ActiveCfg = Debug|Any CPU
		{92D6406C-F289-4A7A-BE0B-E143F294D279}.Release|Any CPU.ActiveCfg = Release|Any CPU
		{92D6406C-F289-4A7A-BE0B-E143F294D279}.Release|Any CPU.Build.0 = Release|Any CPU
		{92D6406C-F289-4A7A-BE0B-E143F294D279}.Release|Mixed Platforms.ActiveCfg = Release|Any CPU
		{92D6406C-F289-4A7A-BE0B-E143F294D279}.Release|Mixed Platforms.Build.0 = Release|Any CPU
		{92D6406C-F289-4A7A-BE0B-E143F294D279}.Release|x86.ActiveCfg = Release|Any CPU
		{B07633DE-7DFE-4491-8601-BB9E5299FCA2}.Debug|Any CPU.ActiveCfg = Debug|Any CPU
		{B07633DE-7DFE-4491-8601-BB9E5299FCA2}.Debug|Any CPU.Build.0 = Debug|Any CPU
		{B07633DE-7DFE-4491-8601-BB9E5299FCA2}.Debug|Mixed Platforms.ActiveCfg = Debug|Any CPU
		{B07633DE-7DFE-4491-8601-BB9E5299FCA2}.Debug|Mixed Platforms.Build.0 = Debug|Any CPU
		{B07633DE-7DFE-4491-8601-BB9E5299FCA2}.Debug|x86.ActiveCfg = Debug|Any CPU
		{B07633DE-7DFE-4491-8601-BB9E5299FCA2}.Release|Any CPU.ActiveCfg = Release|Any CPU
		{B07633DE-7DFE-4491-8601-BB9E5299FCA2}.Release|Any CPU.Build.0 = Release|Any CPU
		{B07633DE-7DFE-4491-8601-BB9E5299FCA2}.Release|Mixed Platforms.ActiveCfg = Release|Any CPU
		{B07633DE-7DFE-4491-8601-BB9E5299FCA2}.Release|Mixed Platforms.Build.0 = Release|Any CPU
		{B07633DE-7DFE-4491-8601-BB9E5299FCA2}.Release|x86.ActiveCfg = Release|Any CPU
	EndGlobalSection
	GlobalSection(SolutionProperties) = preSolution
		HideSolutionNode = FALSE
	EndGlobalSection
	GlobalSection(NestedProjects) = preSolution
		{57E9EC8D-655E-4BCC-9AFF-A505FAA878CA} = {1F622505-C735-43CB-BFAB-EFA8428028CD}
		{081057F3-0D4E-4173-8D9F-2EA8CD9CD0C3} = {1F622505-C735-43CB-BFAB-EFA8428028CD}
		{AA37610E-2E32-44A7-918B-FA11F8DB8028} = {1F622505-C735-43CB-BFAB-EFA8428028CD}
		{5B2E54B7-A83C-4100-8285-A0630E7CED19} = {1F622505-C735-43CB-BFAB-EFA8428028CD}
		{421FA6FA-8004-49A3-8914-05F6EA4B6A94} = {1F622505-C735-43CB-BFAB-EFA8428028CD}
		{3C2EAAD6-2BE0-4E83-8FD3-400E2D913549} = {1F622505-C735-43CB-BFAB-EFA8428028CD}
		{92D6406C-F289-4A7A-BE0B-E143F294D279} = {1F622505-C735-43CB-BFAB-EFA8428028CD}
		{DBF86786-7348-4AFE-966C-3254BC9A40FD} = {B4B3707C-2037-4BCA-86B2-FFEE2B8BB79D}
		{26C73D81-50AC-4E71-85F7-C233D0AE02AD} = {B4B3707C-2037-4BCA-86B2-FFEE2B8BB79D}
		{16739D3B-0D87-43DE-BC00-5D1B7E43E9CB} = {B4B3707C-2037-4BCA-86B2-FFEE2B8BB79D}
		{A689AF47-FF3B-4A21-9912-BBD7B2278D6E} = {B4B3707C-2037-4BCA-86B2-FFEE2B8BB79D}
		{0F7C52AE-C106-48E8-B8AF-2E3465E7C72B} = {DBF86786-7348-4AFE-966C-3254BC9A40FD}
		{9F8E88DA-17D5-42A1-B7E5-71A511608A68} = {DBF86786-7348-4AFE-966C-3254BC9A40FD}
		{937108F7-CFC4-4D79-8E6E-277BDB29B9B4} = {26C73D81-50AC-4E71-85F7-C233D0AE02AD}
		{7CAA3245-6650-4794-8D47-B8EB8EC4F1A4} = {26C73D81-50AC-4E71-85F7-C233D0AE02AD}
		{CC520B50-0E12-48BB-AD04-B99C5EFF22B5} = {26C73D81-50AC-4E71-85F7-C233D0AE02AD}
		{133CE280-4BD6-499C-9416-BF464E4FD772} = {26C73D81-50AC-4E71-85F7-C233D0AE02AD}
		{2833E2EF-27DF-4292-845B-807828B624FE} = {26C73D81-50AC-4E71-85F7-C233D0AE02AD}
		{A2212480-3C55-4412-B919-6813EA2AF759} = {26C73D81-50AC-4E71-85F7-C233D0AE02AD}
		{343B9F31-8E76-4D6D-9422-E1100AC5B10A} = {26C73D81-50AC-4E71-85F7-C233D0AE02AD}
		{0AE61564-649B-4CB7-B26C-FAD84D54C1A7} = {26C73D81-50AC-4E71-85F7-C233D0AE02AD}
		{F93ADACE-7A00-470F-A070-AA2451BCD544} = {26C73D81-50AC-4E71-85F7-C233D0AE02AD}
		{E6DDDA8C-EF48-4528-B718-E346C85C5E30} = {26C73D81-50AC-4E71-85F7-C233D0AE02AD}
		{03576A7B-35F0-4C30-B4D1-A9133E4D2AF5} = {26C73D81-50AC-4E71-85F7-C233D0AE02AD}
		{50207108-A4D6-45F1-A6DD-AE2600798C67} = {16739D3B-0D87-43DE-BC00-5D1B7E43E9CB}
		{B73DD6F1-AF34-48A5-80C4-CC9F8B8B10F3} = {16739D3B-0D87-43DE-BC00-5D1B7E43E9CB}
		{C9F3A761-A5FE-440E-9905-5599558CB95B} = {16739D3B-0D87-43DE-BC00-5D1B7E43E9CB}
		{0B57A087-6372-4E87-ADCA-835560208CFB} = {16739D3B-0D87-43DE-BC00-5D1B7E43E9CB}
		{19C0BC4C-034F-42EB-893C-C9FB28A22B01} = {16739D3B-0D87-43DE-BC00-5D1B7E43E9CB}
		{FE74BE1D-AA29-449F-BCEA-65D4744E95AA} = {A689AF47-FF3B-4A21-9912-BBD7B2278D6E}
		{9F846690-CAE7-4B30-A9AF-821DB2FAF236} = {A689AF47-FF3B-4A21-9912-BBD7B2278D6E}
		{B3911570-C35C-4F2F-926B-0B66AC88F89D} = {A689AF47-FF3B-4A21-9912-BBD7B2278D6E}
		{10C92836-90A5-4881-B81D-7D26606B604D} = {A689AF47-FF3B-4A21-9912-BBD7B2278D6E}
		{DFC410CA-F793-4B53-A86F-783E34E6DAE7} = {A689AF47-FF3B-4A21-9912-BBD7B2278D6E}
		{3057C995-378B-4306-BEBB-8473B13F4E47} = {10C92836-90A5-4881-B81D-7D26606B604D}
		{A77B6BD5-AE68-45E1-812C-EFCC322B22F9} = {10C92836-90A5-4881-B81D-7D26606B604D}
		{127B56E1-FCA2-4385-A330-60AD922002D4} = {10C92836-90A5-4881-B81D-7D26606B604D}
		{3E59645A-3BF1-4ADA-9AB1-6A6CB8A6B80A} = {10C92836-90A5-4881-B81D-7D26606B604D}
		{D73D202B-45CC-4C22-A0D6-822E282F3D99} = {10C92836-90A5-4881-B81D-7D26606B604D}
		{9B41430F-280A-40AC-A920-BBA956C80BDA} = {10C92836-90A5-4881-B81D-7D26606B604D}
		{917B4B8F-C75C-4CD0-B83C-5A1AF44E55E1} = {10C92836-90A5-4881-B81D-7D26606B604D}
		{1738B054-824F-4495-B039-866C5F4E88FE} = {10C92836-90A5-4881-B81D-7D26606B604D}
		{B07633DE-7DFE-4491-8601-BB9E5299FCA2} = {DFC410CA-F793-4B53-A86F-783E34E6DAE7}
	EndGlobalSection
EndGlobal
